
Microsoft Visual Studio Solution File, Format Version 12.00
# Visual Studio Version 16
VisualStudioVersion = 16.0.30503.244
MinimumVisualStudioVersion = 10.0.40219.1
Project("{FAE04EC0-301F-11D3-BF4B-00C04F79EFBC}") = "DeliveryApp", "DeliveryApp\DeliveryApp.csproj", "{2075BCC8-1523-4E08-AB6F-9446F91195CB}"
EndProject
Global
	GlobalSection(SolutionConfigurationPlatforms) = preSolution
		Debug|Any CPU = Debug|Any CPU
		Release|Any CPU = Release|Any CPU
	EndGlobalSection
	GlobalSection(ProjectConfigurationPlatforms) = postSolution
		{2075BCC8-1523-4E08-AB6F-9446F91195CB}.Debug|Any CPU.ActiveCfg = Debug|Any CPU
		{2075BCC8-1523-4E08-AB6F-9446F91195CB}.Debug|Any CPU.Build.0 = Debug|Any CPU
		{2075BCC8-1523-4E08-AB6F-9446F91195CB}.Release|Any CPU.ActiveCfg = Release|Any CPU
		{2075BCC8-1523-4E08-AB6F-9446F91195CB}.Release|Any CPU.Build.0 = Release|Any CPU
	EndGlobalSection
	GlobalSection(SolutionProperties) = preSolution
		HideSolutionNode = FALSE
	EndGlobalSection
	GlobalSection(ExtensibilityGlobals) = postSolution
		SolutionGuid = {1FE176B2-A302-41BF-807A-3471B36B7B16}
	EndGlobalSection
EndGlobal
